
Microsoft Visual Studio Solution File, Format Version 12.00
# Visual Studio Version 16
VisualStudioVersion = 25.0.1706.0
MinimumVisualStudioVersion = 10.0.40219.1
Project("{FAE04EC0-301F-11D3-BF4B-00C04F79EFBC}") = "IntToString", "IntToString\IntToString.csproj", "{0F20321B-3B34-498F-8982-07ECD874BC68}"
EndProject
Global
	GlobalSection(SolutionConfigurationPlatforms) = preSolution
		Debug|Any CPU = Debug|Any CPU
		Release|Any CPU = Release|Any CPU
	EndGlobalSection
	GlobalSection(ProjectConfigurationPlatforms) = postSolution
		{0F20321B-3B34-498F-8982-07ECD874BC68}.Debug|Any CPU.ActiveCfg = Debug|Any CPU
		{0F20321B-3B34-498F-8982-07ECD874BC68}.Debug|Any CPU.Build.0 = Debug|Any CPU
		{0F20321B-3B34-498F-8982-07ECD874BC68}.Release|Any CPU.ActiveCfg = Release|Any CPU
		{0F20321B-3B34-498F-8982-07ECD874BC68}.Release|Any CPU.Build.0 = Release|Any CPU
	EndGlobalSection
	GlobalSection(SolutionProperties) = preSolution
		HideSolutionNode = FALSE
	EndGlobalSection
	GlobalSection(ExtensibilityGlobals) = postSolution
		SolutionGuid = {8894AD9F-62E1-4280-9C63-6E25A93357FC}
	EndGlobalSection
EndGlobal
